// !$*UTF8*$!
{
	archiveVersion = 1;
	classes = {
	};
	objectVersion = 77;
	objects = {

/* Begin PBXContainerItemProxy section */
		FC0D7DF62CEA946E0055A0AA /* PBXContainerItemProxy */ = {
			isa = PBXContainerItemProxy;
			containerPortal = FC0D7DDD2CEA946C0055A0AA /* Project object */;
			proxyType = 1;
			remoteGlobalIDString = FC0D7DE42CEA946C0055A0AA;
			remoteInfo = mapRoutesApp;
		};
		FC0D7E002CEA946F0055A0AA /* PBXContainerItemProxy */ = {
			isa = PBXContainerItemProxy;
			containerPortal = FC0D7DDD2CEA946C0055A0AA /* Project object */;
			proxyType = 1;
			remoteGlobalIDString = FC0D7DE42CEA946C0055A0AA;
			remoteInfo = mapRoutesApp;
		};
/* End PBXContainerItemProxy section */

/* Begin PBXFileReference section */
		FC0D7DE52CEA946C0055A0AA /* mapRoutesApp.app */ = {isa = PBXFileReference; explicitFileType = wrapper.application; includeInIndex = 0; path = mapRoutesApp.app; sourceTree = BUILT_PRODUCTS_DIR; };
		FC0D7DF52CEA946E0055A0AA /* mapRoutesAppTests.xctest */ = {isa = PBXFileReference; explicitFileType = wrapper.cfbundle; includeInIndex = 0; path = mapRoutesAppTests.xctest; sourceTree = BUILT_PRODUCTS_DIR; };
		FC0D7DFF2CEA946F0055A0AA /* mapRoutesAppUITests.xctest */ = {isa = PBXFileReference; explicitFileType = wrapper.cfbundle; includeInIndex = 0; path = mapRoutesAppUITests.xctest; sourceTree = BUILT_PRODUCTS_DIR; };
/* End PBXFileReference section */

/* Begin PBXFileSystemSynchronizedBuildFileExceptionSet section */
		FC0D7E252CEA9C360055A0AA /* Exceptions for "mapRoutesApp" folder in "mapRoutesApp" target */ = {
			isa = PBXFileSystemSynchronizedBuildFileExceptionSet;
			membershipExceptions = (
				Info.plist,
			);
			target = FC0D7DE42CEA946C0055A0AA /* mapRoutesApp */;
		};
/* End PBXFileSystemSynchronizedBuildFileExceptionSet section */

/* Begin PBXFileSystemSynchronizedRootGroup section */
		FC0D7DE72CEA946C0055A0AA /* mapRoutesApp */ = {
			isa = PBXFileSystemSynchronizedRootGroup;
			exceptions = (
				FC0D7E252CEA9C360055A0AA /* Exceptions for "mapRoutesApp" folder in "mapRoutesApp" target */,
			);
			path = mapRoutesApp;
			sourceTree = "<group>";
		};
		FC0D7DF82CEA946E0055A0AA /* mapRoutesAppTests */ = {
			isa = PBXFileSystemSynchronizedRootGroup;
			path = mapRoutesAppTests;
			sourceTree = "<group>";
		};
		FC0D7E022CEA946F0055A0AA /* mapRoutesAppUITests */ = {
			isa = PBXFileSystemSynchronizedRootGroup;
			path = mapRoutesAppUITests;
			sourceTree = "<group>";
		};
/* End PBXFileSystemSynchronizedRootGroup section */

/* Begin PBXFrameworksBuildPhase section */
		FC0D7DE22CEA946C0055A0AA /* Frameworks */ = {
			isa = PBXFrameworksBuildPhase;
			buildActionMask = 2147483647;
			files = (
			);
			runOnlyForDeploymentPostprocessing = 0;
		};
		FC0D7DF22CEA946E0055A0AA /* Frameworks */ = {
			isa = PBXFrameworksBuildPhase;
			buildActionMask = 2147483647;
			files = (
			);
			runOnlyForDeploymentPostprocessing = 0;
		};
		FC0D7DFC2CEA946E0055A0AA /* Frameworks */ = {
			isa = PBXFrameworksBuildPhase;
			buildActionMask = 2147483647;
			files = (
			);
			runOnlyForDeploymentPostprocessing = 0;
		};
/* End PBXFrameworksBuildPhase section */

/* Begin PBXGroup section */
		FC0D7DDC2CEA946C0055A0AA = {
			isa = PBXGroup;
			children = (
				FC0D7DE72CEA946C0055A0AA /* mapRoutesApp */,
				FC0D7DF82CEA946E0055A0AA /* mapRoutesAppTests */,
				FC0D7E022CEA946F0055A0AA /* mapRoutesAppUITests */,
				FC0D7DE62CEA946C0055A0AA /* Products */,
			);
			sourceTree = "<group>";
		};
		FC0D7DE62CEA946C0055A0AA /* Products */ = {
			isa = PBXGroup;
			children = (
				FC0D7DE52CEA946C0055A0AA /* mapRoutesApp.app */,
				FC0D7DF52CEA946E0055A0AA /* mapRoutesAppTests.xctest */,
				FC0D7DFF2CEA946F0055A0AA /* mapRoutesAppUITests.xctest */,
			);
			name = Products;
			sourceTree = "<group>";
		};
/* End PBXGroup section */

/* Begin PBXNativeTarget section */
		FC0D7DE42CEA946C0055A0AA /* mapRoutesApp */ = {
			isa = PBXNativeTarget;
			buildConfigurationList = FC0D7E092CEA946F0055A0AA /* Build configuration list for PBXNativeTarget "mapRoutesApp" */;
			buildPhases = (
				FC0D7DE12CEA946C0055A0AA /* Sources */,
				FC0D7DE22CEA946C0055A0AA /* Frameworks */,
				FC0D7DE32CEA946C0055A0AA /* Resources */,
			);
			buildRules = (
			);
			dependencies = (
			);
			fileSystemSynchronizedGroups = (
				FC0D7DE72CEA946C0055A0AA /* mapRoutesApp */,
			);
			name = mapRoutesApp;
			packageProductDependencies = (
			);
			productName = mapRoutesApp;
			productReference = FC0D7DE52CEA946C0055A0AA /* mapRoutesApp.app */;
			productType = "com.apple.product-type.application";
		};
		FC0D7DF42CEA946E0055A0AA /* mapRoutesAppTests */ = {
			isa = PBXNativeTarget;
			buildConfigurationList = FC0D7E0C2CEA946F0055A0AA /* Build configuration list for PBXNativeTarget "mapRoutesAppTests" */;
			buildPhases = (
				FC0D7DF12CEA946E0055A0AA /* Sources */,
				FC0D7DF22CEA946E0055A0AA /* Frameworks */,
				FC0D7DF32CEA946E0055A0AA /* Resources */,
			);
			buildRules = (
			);
			dependencies = (
				FC0D7DF72CEA946E0055A0AA /* PBXTargetDependency */,
			);
			fileSystemSynchronizedGroups = (
				FC0D7DF82CEA946E0055A0AA /* mapRoutesAppTests */,
			);
			name = mapRoutesAppTests;
			packageProductDependencies = (
			);
			productName = mapRoutesAppTests;
			productReference = FC0D7DF52CEA946E0055A0AA /* mapRoutesAppTests.xctest */;
			productType = "com.apple.product-type.bundle.unit-test";
		};
		FC0D7DFE2CEA946E0055A0AA /* mapRoutesAppUITests */ = {
			isa = PBXNativeTarget;
			buildConfigurationList = FC0D7E0F2CEA946F0055A0AA /* Build configuration list for PBXNativeTarget "mapRoutesAppUITests" */;
			buildPhases = (
				FC0D7DFB2CEA946E0055A0AA /* Sources */,
				FC0D7DFC2CEA946E0055A0AA /* Frameworks */,
				FC0D7DFD2CEA946E0055A0AA /* Resources */,
			);
			buildRules = (
			);
			dependencies = (
				FC0D7E012CEA946F0055A0AA /* PBXTargetDependency */,
			);
			fileSystemSynchronizedGroups = (
				FC0D7E022CEA946F0055A0AA /* mapRoutesAppUITests */,
			);
			name = mapRoutesAppUITests;
			packageProductDependencies = (
			);
			productName = mapRoutesAppUITests;
			productReference = FC0D7DFF2CEA946F0055A0AA /* mapRoutesAppUITests.xctest */;
			productType = "com.apple.product-type.bundle.ui-testing";
		};
/* End PBXNativeTarget section */

/* Begin PBXProject section */
		FC0D7DDD2CEA946C0055A0AA /* Project object */ = {
			isa = PBXProject;
			attributes = {
				BuildIndependentTargetsInParallel = 1;
				LastSwiftUpdateCheck = 1610;
				LastUpgradeCheck = 1610;
				TargetAttributes = {
					FC0D7DE42CEA946C0055A0AA = {
						CreatedOnToolsVersion = 16.1;
					};
					FC0D7DF42CEA946E0055A0AA = {
						CreatedOnToolsVersion = 16.1;
						TestTargetID = FC0D7DE42CEA946C0055A0AA;
					};
					FC0D7DFE2CEA946E0055A0AA = {
						CreatedOnToolsVersion = 16.1;
						TestTargetID = FC0D7DE42CEA946C0055A0AA;
					};
				};
			};
			buildConfigurationList = FC0D7DE02CEA946C0055A0AA /* Build configuration list for PBXProject "mapRoutesApp" */;
			developmentRegion = en;
			hasScannedForEncodings = 0;
			knownRegions = (
				en,
				Base,
			);
			mainGroup = FC0D7DDC2CEA946C0055A0AA;
			minimizedProjectReferenceProxies = 1;
			preferredProjectObjectVersion = 77;
			productRefGroup = FC0D7DE62CEA946C0055A0AA /* Products */;
			projectDirPath = "";
			projectRoot = "";
			targets = (
				FC0D7DE42CEA946C0055A0AA /* mapRoutesApp */,
				FC0D7DF42CEA946E0055A0AA /* mapRoutesAppTests */,
				FC0D7DFE2CEA946E0055A0AA /* mapRoutesAppUITests */,
			);
		};
/* End PBXProject section */

/* Begin PBXResourcesBuildPhase section */
		FC0D7DE32CEA946C0055A0AA /* Resources */ = {
			isa = PBXResourcesBuildPhase;
			buildActionMask = 2147483647;
			files = (
			);
			runOnlyForDeploymentPostprocessing = 0;
		};
		FC0D7DF32CEA946E0055A0AA /* Resources */ = {
			isa = PBXResourcesBuildPhase;
			buildActionMask = 2147483647;
			files = (
			);
			runOnlyForDeploymentPostprocessing = 0;
		};
		FC0D7DFD2CEA946E0055A0AA /* Resources */ = {
			isa = PBXResourcesBuildPhase;
			buildActionMask = 2147483647;
			files = (
			);
			runOnlyForDeploymentPostprocessing = 0;
		};
/* End PBXResourcesBuildPhase section */

/* Begin PBXSourcesBuildPhase section */
		FC0D7DE12CEA946C0055A0AA /* Sources */ = {
			isa = PBXSourcesBuildPhase;
			buildActionMask = 2147483647;
			files = (
			);
			runOnlyForDeploymentPostprocessing = 0;
		};
		FC0D7DF12CEA946E0055A0AA /* Sources */ = {
			isa = PBXSourcesBuildPhase;
			buildActionMask = 2147483647;
			files = (
			);
			runOnlyForDeploymentPostprocessing = 0;
		};
		FC0D7DFB2CEA946E0055A0AA /* Sources */ = {
			isa = PBXSourcesBuildPhase;
			buildActionMask = 2147483647;
			files = (
			);
			runOnlyForDeploymentPostprocessing = 0;
		};
/* End PBXSourcesBuildPhase section */

/* Begin PBXTargetDependency section */
		FC0D7DF72CEA946E0055A0AA /* PBXTargetDependency */ = {
			isa = PBXTargetDependency;
			target = FC0D7DE42CEA946C0055A0AA /* mapRoutesApp */;
			targetProxy = FC0D7DF62CEA946E0055A0AA /* PBXContainerItemProxy */;
		};
		FC0D7E012CEA946F0055A0AA /* PBXTargetDependency */ = {
			isa = PBXTargetDependency;
			target = FC0D7DE42CEA946C0055A0AA /* mapRoutesApp */;
			targetProxy = FC0D7E002CEA946F0055A0AA /* PBXContainerItemProxy */;
		};
/* End PBXTargetDependency section */

/* Begin XCBuildConfiguration section */
		FC0D7E072CEA946F0055A0AA /* Debug */ = {
			isa = XCBuildConfiguration;
			buildSettings = {
				ALWAYS_SEARCH_USER_PATHS = NO;
				ASSETCATALOG_COMPILER_GENERATE_SWIFT_ASSET_SYMBOL_EXTENSIONS = YES;
				CLANG_ANALYZER_NONNULL = YES;
				CLANG_ANALYZER_NUMBER_OBJECT_CONVERSION = YES_AGGRESSIVE;
				CLANG_CXX_LANGUAGE_STANDARD = "gnu++20";
				CLANG_ENABLE_MODULES = YES;
				CLANG_ENABLE_OBJC_ARC = YES;
				CLANG_ENABLE_OBJC_WEAK = YES;
				CLANG_WARN_BLOCK_CAPTURE_AUTORELEASING = YES;
				CLANG_WARN_BOOL_CONVERSION = YES;
				CLANG_WARN_COMMA = YES;
				CLANG_WARN_CONSTANT_CONVERSION = YES;
				CLANG_WARN_DEPRECATED_OBJC_IMPLEMENTATIONS = YES;
				CLANG_WARN_DIRECT_OBJC_ISA_USAGE = YES_ERROR;
				CLANG_WARN_DOCUMENTATION_COMMENTS = YES;
				CLANG_WARN_EMPTY_BODY = YES;
				CLANG_WARN_ENUM_CONVERSION = YES;
				CLANG_WARN_INFINITE_RECURSION = YES;
				CLANG_WARN_INT_CONVERSION = YES;
				CLANG_WARN_NON_LITERAL_NULL_CONVERSION = YES;
				CLANG_WARN_OBJC_IMPLICIT_RETAIN_SELF = YES;
				CLANG_WARN_OBJC_LITERAL_CONVERSION = YES;
				CLANG_WARN_OBJC_ROOT_CLASS = YES_ERROR;
				CLANG_WARN_QUOTED_INCLUDE_IN_FRAMEWORK_HEADER = YES;
				CLANG_WARN_RANGE_LOOP_ANALYSIS = YES;
				CLANG_WARN_STRICT_PROTOTYPES = YES;
				CLANG_WARN_SUSPICIOUS_MOVE = YES;
				CLANG_WARN_UNGUARDED_AVAILABILITY = YES_AGGRESSIVE;
				CLANG_WARN_UNREACHABLE_CODE = YES;
				CLANG_WARN__DUPLICATE_METHOD_MATCH = YES;
				COPY_PHASE_STRIP = NO;
				DEBUG_INFORMATION_FORMAT = dwarf;
				ENABLE_STRICT_OBJC_MSGSEND = YES;
				ENABLE_TESTABILITY = YES;
				ENABLE_USER_SCRIPT_SANDBOXING = YES;
				GCC_C_LANGUAGE_STANDARD = gnu17;
				GCC_DYNAMIC_NO_PIC = NO;
				GCC_NO_COMMON_BLOCKS = YES;
				GCC_OPTIMIZATION_LEVEL = 0;
				GCC_PREPROCESSOR_DEFINITIONS = (
					"DEBUG=1",
					"$(inherited)",
				);
				GCC_WARN_64_TO_32_BIT_CONVERSION = YES;
				GCC_WARN_ABOUT_RETURN_TYPE = YES_ERROR;
				GCC_WARN_UNDECLARED_SELECTOR = YES;
				GCC_WARN_UNINITIALIZED_AUTOS = YES_AGGRESSIVE;
				GCC_WARN_UNUSED_FUNCTION = YES;
				GCC_WARN_UNUSED_VARIABLE = YES;
				IPHONEOS_DEPLOYMENT_TARGET = 18.1;
				LOCALIZATION_PREFERS_STRING_CATALOGS = YES;
				MTL_ENABLE_DEBUG_INFO = INCLUDE_SOURCE;
				MTL_FAST_MATH = YES;
				ONLY_ACTIVE_ARCH = YES;
				SDKROOT = iphoneos;
				SWIFT_ACTIVE_COMPILATION_CONDITIONS = "DEBUG $(inherited)";
				SWIFT_OPTIMIZATION_LEVEL = "-Onone";
			};
			name = Debug;
		};
		FC0D7E082CEA946F0055A0AA /* Release */ = {
			isa = XCBuildConfiguration;
			buildSettings = {
				ALWAYS_SEARCH_USER_PATHS = NO;
				ASSETCATALOG_COMPILER_GENERATE_SWIFT_ASSET_SYMBOL_EXTENSIONS = YES;
				CLANG_ANALYZER_NONNULL = YES;
				CLANG_ANALYZER_NUMBER_OBJECT_CONVERSION = YES_AGGRESSIVE;
				CLANG_CXX_LANGUAGE_STANDARD = "gnu++20";
				CLANG_ENABLE_MODULES = YES;
				CLANG_ENABLE_OBJC_ARC = YES;
				CLANG_ENABLE_OBJC_WEAK = YES;
				CLANG_WARN_BLOCK_CAPTURE_AUTORELEASING = YES;
				CLANG_WARN_BOOL_CONVERSION = YES;
				CLANG_WARN_COMMA = YES;
				CLANG_WARN_CONSTANT_CONVERSION = YES;
				CLANG_WARN_DEPRECATED_OBJC_IMPLEMENTATIONS = YES;
				CLANG_WARN_DIRECT_OBJC_ISA_USAGE = YES_ERROR;
				CLANG_WARN_DOCUMENTATION_COMMENTS = YES;
				CLANG_WARN_EMPTY_BODY = YES;
				CLANG_WARN_ENUM_CONVERSION = YES;
				CLANG_WARN_INFINITE_RECURSION = YES;
				CLANG_WARN_INT_CONVERSION = YES;
				CLANG_WARN_NON_LITERAL_NULL_CONVERSION = YES;
				CLANG_WARN_OBJC_IMPLICIT_RETAIN_SELF = YES;
				CLANG_WARN_OBJC_LITERAL_CONVERSION = YES;
				CLANG_WARN_OBJC_ROOT_CLASS = YES_ERROR;
				CLANG_WARN_QUOTED_INCLUDE_IN_FRAMEWORK_HEADER = YES;
				CLANG_WARN_RANGE_LOOP_ANALYSIS = YES;
				CLANG_WARN_STRICT_PROTOTYPES = YES;
				CLANG_WARN_SUSPICIOUS_MOVE = YES;
				CLANG_WARN_UNGUARDED_AVAILABILITY = YES_AGGRESSIVE;
				CLANG_WARN_UNREACHABLE_CODE = YES;
				CLANG_WARN__DUPLICATE_METHOD_MATCH = YES;
				COPY_PHASE_STRIP = NO;
				DEBUG_INFORMATION_FORMAT = "dwarf-with-dsym";
				ENABLE_NS_ASSERTIONS = NO;
				ENABLE_STRICT_OBJC_MSGSEND = YES;
				ENABLE_USER_SCRIPT_SANDBOXING = YES;
				GCC_C_LANGUAGE_STANDARD = gnu17;
				GCC_NO_COMMON_BLOCKS = YES;
				GCC_WARN_64_TO_32_BIT_CONVERSION = YES;
				GCC_WARN_ABOUT_RETURN_TYPE = YES_ERROR;
				GCC_WARN_UNDECLARED_SELECTOR = YES;
				GCC_WARN_UNINITIALIZED_AUTOS = YES_AGGRESSIVE;
				GCC_WARN_UNUSED_FUNCTION = YES;
				GCC_WARN_UNUSED_VARIABLE = YES;
				IPHONEOS_DEPLOYMENT_TARGET = 18.1;
				LOCALIZATION_PREFERS_STRING_CATALOGS = YES;
				MTL_ENABLE_DEBUG_INFO = NO;
				MTL_FAST_MATH = YES;
				SDKROOT = iphoneos;
				SWIFT_COMPILATION_MODE = wholemodule;
				VALIDATE_PRODUCT = YES;
			};
			name = Release;
		};
		FC0D7E0A2CEA946F0055A0AA /* Debug */ = {
			isa = XCBuildConfiguration;
			buildSettings = {
				ASSETCATALOG_COMPILER_APPICON_NAME = AppIcon;
				ASSETCATALOG_COMPILER_GLOBAL_ACCENT_COLOR_NAME = AccentColor;
				CODE_SIGN_STYLE = Automatic;
				CURRENT_PROJECT_VERSION = 1;
				DEVELOPMENT_ASSET_PATHS = "\"mapRoutesApp/Preview Content\"";
				DEVELOPMENT_TEAM = SAZ5K2949S;
				ENABLE_PREVIEWS = YES;
				GENERATE_INFOPLIST_FILE = YES;
				INFOPLIST_FILE = mapRoutesApp/Info.plist;
				INFOPLIST_KEY_NSLocationAlwaysAndWhenInUseUsageDescription = "uses location tracking";
				INFOPLIST_KEY_NSLocationAlwaysUsageDescription = "";
				INFOPLIST_KEY_NSLocationWhenInUseUsageDescription = "uses location tracking";
				INFOPLIST_KEY_UIApplicationSceneManifest_Generation = YES;
				INFOPLIST_KEY_UIApplicationSupportsIndirectInputEvents = YES;
				INFOPLIST_KEY_UILaunchScreen_Generation = YES;
				INFOPLIST_KEY_UISupportedInterfaceOrientations_iPad = "UIInterfaceOrientationPortrait UIInterfaceOrientationPortraitUpsideDown UIInterfaceOrientationLandscapeLeft UIInterfaceOrientationLandscapeRight";
				INFOPLIST_KEY_UISupportedInterfaceOrientations_iPhone = "UIInterfaceOrientationPortrait UIInterfaceOrientationLandscapeLeft UIInterfaceOrientationLandscapeRight";
				LD_RUNPATH_SEARCH_PATHS = (
					"$(inherited)",
					"@executable_path/Frameworks",
				);
				MARKETING_VERSION = 1.0;
				PRODUCT_BUNDLE_IDENTIFIER = com.ladtechnologies.mapRoutesApp;
				PRODUCT_NAME = "$(TARGET_NAME)";
				SWIFT_EMIT_LOC_STRINGS = YES;
				SWIFT_VERSION = 5.0;
				TARGETED_DEVICE_FAMILY = "1,2";
			};
			name = Debug;
		};
		FC0D7E0B2CEA946F0055A0AA /* Release */ = {
			isa = XCBuildConfiguration;
			buildSettings = {
				ASSETCATALOG_COMPILER_APPICON_NAME = AppIcon;
				ASSETCATALOG_COMPILER_GLOBAL_ACCENT_COLOR_NAME = AccentColor;
				CODE_SIGN_STYLE = Automatic;
				CURRENT_PROJECT_VERSION = 1;
				DEVELOPMENT_ASSET_PATHS = "\"mapRoutesApp/Preview Content\"";
				DEVELOPMENT_TEAM = SAZ5K2949S;
				ENABLE_PREVIEWS = YES;
				GENERATE_INFOPLIST_FILE = YES;
				INFOPLIST_FILE = mapRoutesApp/Info.plist;
				INFOPLIST_KEY_NSLocationAlwaysAndWhenInUseUsageDescription = "uses location tracking";
				INFOPLIST_KEY_NSLocationAlwaysUsageDescription = "";
				INFOPLIST_KEY_NSLocationWhenInUseUsageDescription = "uses location tracking";
				INFOPLIST_KEY_UIApplicationSceneManifest_Generation = YES;
				INFOPLIST_KEY_UIApplicationSupportsIndirectInputEvents = YES;
				INFOPLIST_KEY_UILaunchScreen_Generation = YES;
				INFOPLIST_KEY_UISupportedInterfaceOrientations_iPad = "UIInterfaceOrientationPortrait UIInterfaceOrientationPortraitUpsideDown UIInterfaceOrientationLandscapeLeft UIInterfaceOrientationLandscapeRight";
				INFOPLIST_KEY_UISupportedInterfaceOrientations_iPhone = "UIInterfaceOrientationPortrait UIInterfaceOrientationLandscapeLeft UIInterfaceOrientationLandscapeRight";
				LD_RUNPATH_SEARCH_PATHS = (
					"$(inherited)",
					"@executable_path/Frameworks",
				);
				MARKETING_VERSION = 1.0;
				PRODUCT_BUNDLE_IDENTIFIER = com.ladtechnologies.mapRoutesApp;
				PRODUCT_NAME = "$(TARGET_NAME)";
				SWIFT_EMIT_LOC_STRINGS = YES;
				SWIFT_VERSION = 5.0;
				TARGETED_DEVICE_FAMILY = "1,2";
			};
			name = Release;
		};
		FC0D7E0D2CEA946F0055A0AA /* Debug */ = {
			isa = XCBuildConfiguration;
			buildSettings = {
				BUNDLE_LOADER = "$(TEST_HOST)";
				CODE_SIGN_STYLE = Automatic;
				CURRENT_PROJECT_VERSION = 1;
				DEVELOPMENT_TEAM = SAZ5K2949S;
				GENERATE_INFOPLIST_FILE = YES;
				IPHONEOS_DEPLOYMENT_TARGET = 18.1;
				MARKETING_VERSION = 1.0;
				PRODUCT_BUNDLE_IDENTIFIER = com.ladtechnologies.mapRoutesAppTests;
				PRODUCT_NAME = "$(TARGET_NAME)";
				SWIFT_EMIT_LOC_STRINGS = NO;
				SWIFT_VERSION = 5.0;
				TARGETED_DEVICE_FAMILY = "1,2";
				TEST_HOST = "$(BUILT_PRODUCTS_DIR)/mapRoutesApp.app/$(BUNDLE_EXECUTABLE_FOLDER_PATH)/mapRoutesApp";
			};
			name = Debug;
		};
		FC0D7E0E2CEA946F0055A0AA /* Release */ = {
			isa = XCBuildConfiguration;
			buildSettings = {
				BUNDLE_LOADER = "$(TEST_HOST)";
				CODE_SIGN_STYLE = Automatic;
				CURRENT_PROJECT_VERSION = 1;
				DEVELOPMENT_TEAM = SAZ5K2949S;
				GENERATE_INFOPLIST_FILE = YES;
				IPHONEOS_DEPLOYMENT_TARGET = 18.1;
				MARKETING_VERSION = 1.0;
				PRODUCT_BUNDLE_IDENTIFIER = com.ladtechnologies.mapRoutesAppTests;
				PRODUCT_NAME = "$(TARGET_NAME)";
				SWIFT_EMIT_LOC_STRINGS = NO;
				SWIFT_VERSION = 5.0;
				TARGETED_DEVICE_FAMILY = "1,2";
				TEST_HOST = "$(BUILT_PRODUCTS_DIR)/mapRoutesApp.app/$(BUNDLE_EXECUTABLE_FOLDER_PATH)/mapRoutesApp";
			};
			name = Release;
		};
		FC0D7E102CEA946F0055A0AA /* Debug */ = {
			isa = XCBuildConfiguration;
			buildSettings = {
				CODE_SIGN_STYLE = Automatic;
				CURRENT_PROJECT_VERSION = 1;
				DEVELOPMENT_TEAM = SAZ5K2949S;
				GENERATE_INFOPLIST_FILE = YES;
				MARKETING_VERSION = 1.0;
				PRODUCT_BUNDLE_IDENTIFIER = com.ladtechnologies.mapRoutesAppUITests;
				PRODUCT_NAME = "$(TARGET_NAME)";
				SWIFT_EMIT_LOC_STRINGS = NO;
				SWIFT_VERSION = 5.0;
				TARGETED_DEVICE_FAMILY = "1,2";
				TEST_TARGET_NAME = mapRoutesApp;
			};
			name = Debug;
		};
		FC0D7E112CEA946F0055A0AA /* Release */ = {
			isa = XCBuildConfiguration;
			buildSettings = {
				CODE_SIGN_STYLE = Automatic;
				CURRENT_PROJECT_VERSION = 1;
				DEVELOPMENT_TEAM = SAZ5K2949S;
				GENERATE_INFOPLIST_FILE = YES;
				MARKETING_VERSION = 1.0;
				PRODUCT_BUNDLE_IDENTIFIER = com.ladtechnologies.mapRoutesAppUITests;
				PRODUCT_NAME = "$(TARGET_NAME)";
				SWIFT_EMIT_LOC_STRINGS = NO;
				SWIFT_VERSION = 5.0;
				TARGETED_DEVICE_FAMILY = "1,2";
				TEST_TARGET_NAME = mapRoutesApp;
			};
			name = Release;
		};
/* End XCBuildConfiguration section */

/* Begin XCConfigurationList section */
		FC0D7DE02CEA946C0055A0AA /* Build configuration list for PBXProject "mapRoutesApp" */ = {
			isa = XCConfigurationList;
			buildConfigurations = (
				FC0D7E072CEA946F0055A0AA /* Debug */,
				FC0D7E082CEA946F0055A0AA /* Release */,
			);
			defaultConfigurationIsVisible = 0;
			defaultConfigurationName = Release;
		};
		FC0D7E092CEA946F0055A0AA /* Build configuration list for PBXNativeTarget "mapRoutesApp" */ = {
			isa = XCConfigurationList;
			buildConfigurations = (
				FC0D7E0A2CEA946F0055A0AA /* Debug */,
				FC0D7E0B2CEA946F0055A0AA /* Release */,
			);
			defaultConfigurationIsVisible = 0;
			defaultConfigurationName = Release;
		};
		FC0D7E0C2CEA946F0055A0AA /* Build configuration list for PBXNativeTarget "mapRoutesAppTests" */ = {
			isa = XCConfigurationList;
			buildConfigurations = (
				FC0D7E0D2CEA946F0055A0AA /* Debug */,
				FC0D7E0E2CEA946F0055A0AA /* Release */,
			);
			defaultConfigurationIsVisible = 0;
			defaultConfigurationName = Release;
		};
		FC0D7E0F2CEA946F0055A0AA /* Build configuration list for PBXNativeTarget "mapRoutesAppUITests" */ = {
			isa = XCConfigurationList;
			buildConfigurations = (
				FC0D7E102CEA946F0055A0AA /* Debug */,
				FC0D7E112CEA946F0055A0AA /* Release */,
			);
			defaultConfigurationIsVisible = 0;
			defaultConfigurationName = Release;
		};
/* End XCConfigurationList section */
	};
	rootObject = FC0D7DDD2CEA946C0055A0AA /* Project object */;
}
